
Microsoft Visual Studio Solution File, Format Version 12.00
# Visual Studio Version 17
VisualStudioVersion = 17.2.32616.157
MinimumVisualStudioVersion = 10.0.40219.1
Project("{FAE04EC0-301F-11D3-BF4B-00C04F79EFBC}") = "SnakeAI", "SnakeAI.csproj", "{496F775F-A1E5-4355-B111-D5BAD0BC1649}"
EndProject
Global
	GlobalSection(SolutionConfigurationPlatforms) = preSolution
		Debug|Any CPU = Debug|Any CPU
		Release|Any CPU = Release|Any CPU
	EndGlobalSection
	GlobalSection(ProjectConfigurationPlatforms) = postSolution
		{496F775F-A1E5-4355-B111-D5BAD0BC1649}.Debug|Any CPU.ActiveCfg = Debug|Any CPU
		{496F775F-A1E5-4355-B111-D5BAD0BC1649}.Debug|Any CPU.Build.0 = Debug|Any CPU
		{496F775F-A1E5-4355-B111-D5BAD0BC1649}.Release|Any CPU.ActiveCfg = Release|Any CPU
		{496F775F-A1E5-4355-B111-D5BAD0BC1649}.Release|Any CPU.Build.0 = Release|Any CPU
	EndGlobalSection
	GlobalSection(SolutionProperties) = preSolution
		HideSolutionNode = FALSE
	EndGlobalSection
	GlobalSection(ExtensibilityGlobals) = postSolution
		SolutionGuid = {B391C5E8-E3D6-47B7-AB5E-EFD3ADBB343A}
	EndGlobalSection
EndGlobal
